
Microsoft Visual Studio Solution File, Format Version 12.00
# Visual Studio 14
VisualStudioVersion = 14.0.25420.1
MinimumVisualStudioVersion = 10.0.40219.1
Project("{FAE04EC0-301F-11D3-BF4B-00C04F79EFBC}") = "Aurora.Studio.2048", "Aurora.Studio.2048\Aurora.Studio.2048.csproj", "{8BA3359C-3EB0-4A49-A607-15CA94EA6956}"
EndProject
Project("{FAE04EC0-301F-11D3-BF4B-00C04F79EFBC}") = "Aurora.Studio.2048.Core", "Aurora.Studio.2048.Core\Aurora.Studio.2048.Core.csproj", "{E18CFFD9-407D-4C8F-B230-3CC9E38E3FC5}"
EndProject
Project("{FAE04EC0-301F-11D3-BF4B-00C04F79EFBC}") = "Tests", "Tests\Tests.csproj", "{FB4E0542-4848-465E-8CFF-B4F7684C269A}"
EndProject
Project("{FAE04EC0-301F-11D3-BF4B-00C04F79EFBC}") = "com.aurora.shared", "..\..\..\..\..\Source\Repos\Aurora-Weather\com.aurora.auweather\com.aurora.shared\com.aurora.shared.csproj", "{026D99CF-1C25-4DCF-AD95-1070BBA9F8A8}"
EndProject
Global
	GlobalSection(SolutionConfigurationPlatforms) = preSolution
		Debug|Any CPU = Debug|Any CPU
		Debug|ARM = Debug|ARM
		Debug|x64 = Debug|x64
		Debug|x86 = Debug|x86
		Release|Any CPU = Release|Any CPU
		Release|ARM = Release|ARM
		Release|x64 = Release|x64
		Release|x86 = Release|x86
	EndGlobalSection
	GlobalSection(ProjectConfigurationPlatforms) = postSolution
		{8BA3359C-3EB0-4A49-A607-15CA94EA6956}.Debug|Any CPU.ActiveCfg = Debug|x86
		{8BA3359C-3EB0-4A49-A607-15CA94EA6956}.Debug|ARM.ActiveCfg = Debug|ARM
		{8BA3359C-3EB0-4A49-A607-15CA94EA6956}.Debug|ARM.Build.0 = Debug|ARM
		{8BA3359C-3EB0-4A49-A607-15CA94EA6956}.Debug|ARM.Deploy.0 = Debug|ARM
		{8BA3359C-3EB0-4A49-A607-15CA94EA6956}.Debug|x64.ActiveCfg = Debug|x64
		{8BA3359C-3EB0-4A49-A607-15CA94EA6956}.Debug|x64.Build.0 = Debug|x64
		{8BA3359C-3EB0-4A49-A607-15CA94EA6956}.Debug|x64.Deploy.0 = Debug|x64
		{8BA3359C-3EB0-4A49-A607-15CA94EA6956}.Debug|x86.ActiveCfg = Debug|x86
		{8BA3359C-3EB0-4A49-A607-15CA94EA6956}.Debug|x86.Build.0 = Debug|x86
		{8BA3359C-3EB0-4A49-A607-15CA94EA6956}.Debug|x86.Deploy.0 = Debug|x86
		{8BA3359C-3EB0-4A49-A607-15CA94EA6956}.Release|Any CPU.ActiveCfg = Release|x86
		{8BA3359C-3EB0-4A49-A607-15CA94EA6956}.Release|ARM.ActiveCfg = Release|ARM
		{8BA3359C-3EB0-4A49-A607-15CA94EA6956}.Release|ARM.Build.0 = Release|ARM
		{8BA3359C-3EB0-4A49-A607-15CA94EA6956}.Release|ARM.Deploy.0 = Release|ARM
		{8BA3359C-3EB0-4A49-A607-15CA94EA6956}.Release|x64.ActiveCfg = Release|x64
		{8BA3359C-3EB0-4A49-A607-15CA94EA6956}.Release|x64.Build.0 = Release|x64
		{8BA3359C-3EB0-4A49-A607-15CA94EA6956}.Release|x64.Deploy.0 = Release|x64
		{8BA3359C-3EB0-4A49-A607-15CA94EA6956}.Release|x86.ActiveCfg = Release|x86
		{8BA3359C-3EB0-4A49-A607-15CA94EA6956}.Release|x86.Build.0 = Release|x86
		{8BA3359C-3EB0-4A49-A607-15CA94EA6956}.Release|x86.Deploy.0 = Release|x86
		{E18CFFD9-407D-4C8F-B230-3CC9E38E3FC5}.Debug|Any CPU.ActiveCfg = Debug|Any CPU
		{E18CFFD9-407D-4C8F-B230-3CC9E38E3FC5}.Debug|Any CPU.Build.0 = Debug|Any CPU
		{E18CFFD9-407D-4C8F-B230-3CC9E38E3FC5}.Debug|ARM.ActiveCfg = Debug|ARM
		{E18CFFD9-407D-4C8F-B230-3CC9E38E3FC5}.Debug|ARM.Build.0 = Debug|ARM
		{E18CFFD9-407D-4C8F-B230-3CC9E38E3FC5}.Debug|x64.ActiveCfg = Debug|x64
		{E18CFFD9-407D-4C8F-B230-3CC9E38E3FC5}.Debug|x64.Build.0 = Debug|x64
		{E18CFFD9-407D-4C8F-B230-3CC9E38E3FC5}.Debug|x86.ActiveCfg = Debug|x86
		{E18CFFD9-407D-4C8F-B230-3CC9E38E3FC5}.Debug|x86.Build.0 = Debug|x86
		{E18CFFD9-407D-4C8F-B230-3CC9E38E3FC5}.Release|Any CPU.ActiveCfg = Release|Any CPU
		{E18CFFD9-407D-4C8F-B230-3CC9E38E3FC5}.Release|Any CPU.Build.0 = Release|Any CPU
		{E18CFFD9-407D-4C8F-B230-3CC9E38E3FC5}.Release|ARM.ActiveCfg = Release|ARM
		{E18CFFD9-407D-4C8F-B230-3CC9E38E3FC5}.Release|ARM.Build.0 = Release|ARM
		{E18CFFD9-407D-4C8F-B230-3CC9E38E3FC5}.Release|x64.ActiveCfg = Release|x64
		{E18CFFD9-407D-4C8F-B230-3CC9E38E3FC5}.Release|x64.Build.0 = Release|x64
		{E18CFFD9-407D-4C8F-B230-3CC9E38E3FC5}.Release|x86.ActiveCfg = Release|x86
		{E18CFFD9-407D-4C8F-B230-3CC9E38E3FC5}.Release|x86.Build.0 = Release|x86
		{FB4E0542-4848-465E-8CFF-B4F7684C269A}.Debug|Any CPU.ActiveCfg = Debug|x86
		{FB4E0542-4848-465E-8CFF-B4F7684C269A}.Debug|ARM.ActiveCfg = Debug|ARM
		{FB4E0542-4848-465E-8CFF-B4F7684C269A}.Debug|ARM.Build.0 = Debug|ARM
		{FB4E0542-4848-465E-8CFF-B4F7684C269A}.Debug|ARM.Deploy.0 = Debug|ARM
		{FB4E0542-4848-465E-8CFF-B4F7684C269A}.Debug|x64.ActiveCfg = Debug|x64
		{FB4E0542-4848-465E-8CFF-B4F7684C269A}.Debug|x64.Build.0 = Debug|x64
		{FB4E0542-4848-465E-8CFF-B4F7684C269A}.Debug|x64.Deploy.0 = Debug|x64
		{FB4E0542-4848-465E-8CFF-B4F7684C269A}.Debug|x86.ActiveCfg = Debug|x86
		{FB4E0542-4848-465E-8CFF-B4F7684C269A}.Debug|x86.Build.0 = Debug|x86
		{FB4E0542-4848-465E-8CFF-B4F7684C269A}.Debug|x86.Deploy.0 = Debug|x86
		{FB4E0542-4848-465E-8CFF-B4F7684C269A}.Release|Any CPU.ActiveCfg = Release|x86
		{FB4E0542-4848-465E-8CFF-B4F7684C269A}.Release|ARM.ActiveCfg = Release|ARM
		{FB4E0542-4848-465E-8CFF-B4F7684C269A}.Release|ARM.Build.0 = Release|ARM
		{FB4E0542-4848-465E-8CFF-B4F7684C269A}.Release|ARM.Deploy.0 = Release|ARM
		{FB4E0542-4848-465E-8CFF-B4F7684C269A}.Release|x64.ActiveCfg = Release|x64
		{FB4E0542-4848-465E-8CFF-B4F7684C269A}.Release|x64.Build.0 = Release|x64
		{FB4E0542-4848-465E-8CFF-B4F7684C269A}.Release|x64.Deploy.0 = Release|x64
		{FB4E0542-4848-465E-8CFF-B4F7684C269A}.Release|x86.ActiveCfg = Release|x86
		{FB4E0542-4848-465E-8CFF-B4F7684C269A}.Release|x86.Build.0 = Release|x86
		{FB4E0542-4848-465E-8CFF-B4F7684C269A}.Release|x86.Deploy.0 = Release|x86
		{026D99CF-1C25-4DCF-AD95-1070BBA9F8A8}.Debug|Any CPU.ActiveCfg = Debug|Any CPU
		{026D99CF-1C25-4DCF-AD95-1070BBA9F8A8}.Debug|Any CPU.Build.0 = Debug|Any CPU
		{026D99CF-1C25-4DCF-AD95-1070BBA9F8A8}.Debug|ARM.ActiveCfg = Debug|ARM
		{026D99CF-1C25-4DCF-AD95-1070BBA9F8A8}.Debug|ARM.Build.0 = Debug|ARM
		{026D99CF-1C25-4DCF-AD95-1070BBA9F8A8}.Debug|x64.ActiveCfg = Debug|x64
		{026D99CF-1C25-4DCF-AD95-1070BBA9F8A8}.Debug|x64.Build.0 = Debug|x64
		{026D99CF-1C25-4DCF-AD95-1070BBA9F8A8}.Debug|x86.ActiveCfg = Debug|x86
		{026D99CF-1C25-4DCF-AD95-1070BBA9F8A8}.Debug|x86.Build.0 = Debug|x86
		{026D99CF-1C25-4DCF-AD95-1070BBA9F8A8}.Release|Any CPU.ActiveCfg = Release|Any CPU
		{026D99CF-1C25-4DCF-AD95-1070BBA9F8A8}.Release|Any CPU.Build.0 = Release|Any CPU
		{026D99CF-1C25-4DCF-AD95-1070BBA9F8A8}.Release|ARM.ActiveCfg = Release|ARM
		{026D99CF-1C25-4DCF-AD95-1070BBA9F8A8}.Release|ARM.Build.0 = Release|ARM
		{026D99CF-1C25-4DCF-AD95-1070BBA9F8A8}.Release|x64.ActiveCfg = Release|x64
		{026D99CF-1C25-4DCF-AD95-1070BBA9F8A8}.Release|x64.Build.0 = Release|x64
		{026D99CF-1C25-4DCF-AD95-1070BBA9F8A8}.Release|x86.ActiveCfg = Release|x86
		{026D99CF-1C25-4DCF-AD95-1070BBA9F8A8}.Release|x86.Build.0 = Release|x86
	EndGlobalSection
	GlobalSection(SolutionProperties) = preSolution
		HideSolutionNode = FALSE
	EndGlobalSection
EndGlobal
